// !$*UTF8*$!
{
	archiveVersion = 1;
	classes = {
	};
	objectVersion = 50;
	objects = {

/* Begin PBXBuildFile section */
		C9000D77210BAFBC00E4BE4C /* AppDelegate.swift in Sources */ = {isa = PBXBuildFile; fileRef = C9000D76210BAFBC00E4BE4C /* AppDelegate.swift */; };
		C9000D79210BAFBC00E4BE4C /* ViewController.swift in Sources */ = {isa = PBXBuildFile; fileRef = C9000D78210BAFBC00E4BE4C /* ViewController.swift */; };
		C9000D7C210BAFBC00E4BE4C /* Main.storyboard in Resources */ = {isa = PBXBuildFile; fileRef = C9000D7A210BAFBC00E4BE4C /* Main.storyboard */; };
		C9000D7E210BAFBD00E4BE4C /* Assets.xcassets in Resources */ = {isa = PBXBuildFile; fileRef = C9000D7D210BAFBD00E4BE4C /* Assets.xcassets */; };
		C9000D81210BAFBD00E4BE4C /* LaunchScreen.storyboard in Resources */ = {isa = PBXBuildFile; fileRef = C9000D7F210BAFBD00E4BE4C /* LaunchScreen.storyboard */; };
		C9ECC4CE210BB56F00366643 /* CalculatorViewController.swift in Sources */ = {isa = PBXBuildFile; fileRef = C9ECC4CD210BB56F00366643 /* CalculatorViewController.swift */; };
/* End PBXBuildFile section */

/* Begin PBXFileReference section */
		C9000D73210BAFBC00E4BE4C /* PhamDiemi-HW4.app */ = {isa = PBXFileReference; explicitFileType = wrapper.application; includeInIndex = 0; path = "PhamDiemi-HW4.app"; sourceTree = BUILT_PRODUCTS_DIR; };
		C9000D76210BAFBC00E4BE4C /* AppDelegate.swift */ = {isa = PBXFileReference; lastKnownFileType = sourcecode.swift; path = AppDelegate.swift; sourceTree = "<group>"; };
		C9000D78210BAFBC00E4BE4C /* ViewController.swift */ = {isa = PBXFileReference; lastKnownFileType = sourcecode.swift; path = ViewController.swift; sourceTree = "<group>"; };
		C9000D7B210BAFBC00E4BE4C /* Base */ = {isa = PBXFileReference; lastKnownFileType = file.storyboard; name = Base; path = Base.lproj/Main.storyboard; sourceTree = "<group>"; };
		C9000D7D210BAFBD00E4BE4C /* Assets.xcassets */ = {isa = PBXFileReference; lastKnownFileType = folder.assetcatalog; path = Assets.xcassets; sourceTree = "<group>"; };
		C9000D80210BAFBD00E4BE4C /* Base */ = {isa = PBXFileReference; lastKnownFileType = file.storyboard; name = Base; path = Base.lproj/LaunchScreen.storyboard; sourceTree = "<group>"; };
		C9000D82210BAFBD00E4BE4C /* Info.plist */ = {isa = PBXFileReference; lastKnownFileType = text.plist.xml; path = Info.plist; sourceTree = "<group>"; };
		C9ECC4CD210BB56F00366643 /* CalculatorViewController.swift */ = {isa = PBXFileReference; lastKnownFileType = sourcecode.swift; path = CalculatorViewController.swift; sourceTree = "<group>"; };
/* End PBXFileReference section */

/* Begin PBXFrameworksBuildPhase section */
		C9000D70210BAFBC00E4BE4C /* Frameworks */ = {
			isa = PBXFrameworksBuildPhase;
			buildActionMask = 2147483647;
			files = (
			);
			runOnlyForDeploymentPostprocessing = 0;
		};
/* End PBXFrameworksBuildPhase section */

/* Begin PBXGroup section */
		C9000D6A210BAFBC00E4BE4C = {
			isa = PBXGroup;
			children = (
				C9000D75210BAFBC00E4BE4C /* PhamDiemi-HW4 */,
				C9000D74210BAFBC00E4BE4C /* Products */,
			);
			sourceTree = "<group>";
		};
		C9000D74210BAFBC00E4BE4C /* Products */ = {
			isa = PBXGroup;
			children = (
				C9000D73210BAFBC00E4BE4C /* PhamDiemi-HW4.app */,
			);
			name = Products;
			sourceTree = "<group>";
		};
		C9000D75210BAFBC00E4BE4C /* PhamDiemi-HW4 */ = {
			isa = PBXGroup;
			children = (
				C9000D76210BAFBC00E4BE4C /* AppDelegate.swift */,
				C9000D78210BAFBC00E4BE4C /* ViewController.swift */,
				C9000D7A210BAFBC00E4BE4C /* Main.storyboard */,
				C9ECC4CD210BB56F00366643 /* CalculatorViewController.swift */,
				C9000D7D210BAFBD00E4BE4C /* Assets.xcassets */,
				C9000D7F210BAFBD00E4BE4C /* LaunchScreen.storyboard */,
				C9000D82210BAFBD00E4BE4C /* Info.plist */,
			);
			path = "PhamDiemi-HW4";
			sourceTree = "<group>";
		};
/* End PBXGroup section */

/* Begin PBXNativeTarget section */
		C9000D72210BAFBC00E4BE4C /* PhamDiemi-HW4 */ = {
			isa = PBXNativeTarget;
			buildConfigurationList = C9000D85210BAFBD00E4BE4C /* Build configuration list for PBXNativeTarget "PhamDiemi-HW4" */;
			buildPhases = (
				C9000D6F210BAFBC00E4BE4C /* Sources */,
				C9000D70210BAFBC00E4BE4C /* Frameworks */,
				C9000D71210BAFBC00E4BE4C /* Resources */,
			);
			buildRules = (
			);
			dependencies = (
			);
			name = "PhamDiemi-HW4";
			productName = "PhamDiemi-HW4";
			productReference = C9000D73210BAFBC00E4BE4C /* PhamDiemi-HW4.app */;
			productType = "com.apple.product-type.application";
		};
/* End PBXNativeTarget section */

/* Begin PBXProject section */
		C9000D6B210BAFBC00E4BE4C /* Project object */ = {
			isa = PBXProject;
			attributes = {
				LastSwiftUpdateCheck = 0940;
				LastUpgradeCheck = 0940;
				ORGANIZATIONNAME = "Pham, Diemi";
				TargetAttributes = {
					C9000D72210BAFBC00E4BE4C = {
						CreatedOnToolsVersion = 9.4;
					};
				};
			};
			buildConfigurationList = C9000D6E210BAFBC00E4BE4C /* Build configuration list for PBXProject "PhamDiemi-HW4" */;
			compatibilityVersion = "Xcode 9.3";
			developmentRegion = en;
			hasScannedForEncodings = 0;
			knownRegions = (
				en,
				Base,
			);
			mainGroup = C9000D6A210BAFBC00E4BE4C;
			productRefGroup = C9000D74210BAFBC00E4BE4C /* Products */;
			projectDirPath = "";
			projectRoot = "";
			targets = (
				C9000D72210BAFBC00E4BE4C /* PhamDiemi-HW4 */,
			);
		};
/* End PBXProject section */

/* Begin PBXResourcesBuildPhase section */
		C9000D71210BAFBC00E4BE4C /* Resources */ = {
			isa = PBXResourcesBuildPhase;
			buildActionMask = 2147483647;
			files = (
				C9000D81210BAFBD00E4BE4C /* LaunchScreen.storyboard in Resources */,
				C9000D7E210BAFBD00E4BE4C /* Assets.xcassets in Resources */,
				C9000D7C210BAFBC00E4BE4C /* Main.storyboard in Resources */,
			);
			runOnlyForDeploymentPostprocessing = 0;
		};
/* End PBXResourcesBuildPhase section */

/* Begin PBXSourcesBuildPhase section */
		C9000D6F210BAFBC00E4BE4C /* Sources */ = {
			isa = PBXSourcesBuildPhase;
			buildActionMask = 2147483647;
			files = (
				C9000D79210BAFBC00E4BE4C /* ViewController.swift in Sources */,
				C9ECC4CE210BB56F00366643 /* CalculatorViewController.swift in Sources */,
				C9000D77210BAFBC00E4BE4C /* AppDelegate.swift in Sources */,
			);
			runOnlyForDeploymentPostprocessing = 0;
		};
/* End PBXSourcesBuildPhase section */

/* Begin PBXVariantGroup section */
		C9000D7A210BAFBC00E4BE4C /* Main.storyboard */ = {
			isa = PBXVariantGroup;
			children = (
				C9000D7B210BAFBC00E4BE4C /* Base */,
			);
			name = Main.storyboard;
			sourceTree = "<group>";
		};
		C9000D7F210BAFBD00E4BE4C /* LaunchScreen.storyboard */ = {
			isa = PBXVariantGroup;
			children = (
				C9000D80210BAFBD00E4BE4C /* Base */,
			);
			name = LaunchScreen.storyboard;
			sourceTree = "<group>";
		};
/* End PBXVariantGroup section */

/* Begin XCBuildConfiguration section */
		C9000D83210BAFBD00E4BE4C /* Debug */ = {
			isa = XCBuildConfiguration;
			buildSettings = {
				ALWAYS_SEARCH_USER_PATHS = NO;
				CLANG_ANALYZER_NONNULL = YES;
				CLANG_ANALYZER_NUMBER_OBJECT_CONVERSION = YES_AGGRESSIVE;
				CLANG_CXX_LANGUAGE_STANDARD = "gnu++14";
				CLANG_CXX_LIBRARY = "libc++";
				CLANG_ENABLE_MODULES = YES;
				CLANG_ENABLE_OBJC_ARC = YES;
				CLANG_ENABLE_OBJC_WEAK = YES;
				CLANG_WARN_BLOCK_CAPTURE_AUTORELEASING = YES;
				CLANG_WARN_BOOL_CONVERSION = YES;
				CLANG_WARN_COMMA = YES;
				CLANG_WARN_CONSTANT_CONVERSION = YES;
				CLANG_WARN_DEPRECATED_OBJC_IMPLEMENTATIONS = YES;
				CLANG_WARN_DIRECT_OBJC_ISA_USAGE = YES_ERROR;
				CLANG_WARN_DOCUMENTATION_COMMENTS = YES;
				CLANG_WARN_EMPTY_BODY = YES;
				CLANG_WARN_ENUM_CONVERSION = YES;
				CLANG_WARN_INFINITE_RECURSION = YES;
				CLANG_WARN_INT_CONVERSION = YES;
				CLANG_WARN_NON_LITERAL_NULL_CONVERSION = YES;
				CLANG_WARN_OBJC_IMPLICIT_RETAIN_SELF = YES;
				CLANG_WARN_OBJC_LITERAL_CONVERSION = YES;
				CLANG_WARN_OBJC_ROOT_CLASS = YES_ERROR;
				CLANG_WARN_RANGE_LOOP_ANALYSIS = YES;
				CLANG_WARN_STRICT_PROTOTYPES = YES;
				CLANG_WARN_SUSPICIOUS_MOVE = YES;
				CLANG_WARN_UNGUARDED_AVAILABILITY = YES_AGGRESSIVE;
				CLANG_WARN_UNREACHABLE_CODE = YES;
				CLANG_WARN__DUPLICATE_METHOD_MATCH = YES;
				CODE_SIGN_IDENTITY = "iPhone Developer";
				COPY_PHASE_STRIP = NO;
				DEBUG_INFORMATION_FORMAT = dwarf;
				ENABLE_STRICT_OBJC_MSGSEND = YES;
				ENABLE_TESTABILITY = YES;
				GCC_C_LANGUAGE_STANDARD = gnu11;
				GCC_DYNAMIC_NO_PIC = NO;
				GCC_NO_COMMON_BLOCKS = YES;
				GCC_OPTIMIZATION_LEVEL = 0;
				GCC_PREPROCESSOR_DEFINITIONS = (
					"DEBUG=1",
					"$(inherited)",
				);
				GCC_WARN_64_TO_32_BIT_CONVERSION = YES;
				GCC_WARN_ABOUT_RETURN_TYPE = YES_ERROR;
				GCC_WARN_UNDECLARED_SELECTOR = YES;
				GCC_WARN_UNINITIALIZED_AUTOS = YES_AGGRESSIVE;
				GCC_WARN_UNUSED_FUNCTION = YES;
				GCC_WARN_UNUSED_VARIABLE = YES;
				IPHONEOS_DEPLOYMENT_TARGET = 11.4;
				MTL_ENABLE_DEBUG_INFO = YES;
				ONLY_ACTIVE_ARCH = YES;
				SDKROOT = iphoneos;
				SWIFT_ACTIVE_COMPILATION_CONDITIONS = DEBUG;
				SWIFT_OPTIMIZATION_LEVEL = "-Onone";
			};
			name = Debug;
		};
		C9000D84210BAFBD00E4BE4C /* Release */ = {
			isa = XCBuildConfiguration;
			buildSettings = {
				ALWAYS_SEARCH_USER_PATHS = NO;
				CLANG_ANALYZER_NONNULL = YES;
				CLANG_ANALYZER_NUMBER_OBJECT_CONVERSION = YES_AGGRESSIVE;
				CLANG_CXX_LANGUAGE_STANDARD = "gnu++14";
				CLANG_CXX_LIBRARY = "libc++";
				CLANG_ENABLE_MODULES = YES;
				CLANG_ENABLE_OBJC_ARC = YES;
				CLANG_ENABLE_OBJC_WEAK = YES;
				CLANG_WARN_BLOCK_CAPTURE_AUTORELEASING = YES;
				CLANG_WARN_BOOL_CONVERSION = YES;
				CLANG_WARN_COMMA = YES;
				CLANG_WARN_CONSTANT_CONVERSION = YES;
				CLANG_WARN_DEPRECATED_OBJC_IMPLEMENTATIONS = YES;
				CLANG_WARN_DIRECT_OBJC_ISA_USAGE = YES_ERROR;
				CLANG_WARN_DOCUMENTATION_COMMENTS = YES;
				CLANG_WARN_EMPTY_BODY = YES;
				CLANG_WARN_ENUM_CONVERSION = YES;
				CLANG_WARN_INFINITE_RECURSION = YES;
				CLANG_WARN_INT_CONVERSION = YES;
				CLANG_WARN_NON_LITERAL_NULL_CONVERSION = YES;
				CLANG_WARN_OBJC_IMPLICIT_RETAIN_SELF = YES;
				CLANG_WARN_OBJC_LITERAL_CONVERSION = YES;
				CLANG_WARN_OBJC_ROOT_CLASS = YES_ERROR;
				CLANG_WARN_RANGE_LOOP_ANALYSIS = YES;
				CLANG_WARN_STRICT_PROTOTYPES = YES;
				CLANG_WARN_SUSPICIOUS_MOVE = YES;
				CLANG_WARN_UNGUARDED_AVAILABILITY = YES_AGGRESSIVE;
				CLANG_WARN_UNREACHABLE_CODE = YES;
				CLANG_WARN__DUPLICATE_METHOD_MATCH = YES;
				CODE_SIGN_IDENTITY = "iPhone Developer";
				COPY_PHASE_STRIP = NO;
				DEBUG_INFORMATION_FORMAT = "dwarf-with-dsym";
				ENABLE_NS_ASSERTIONS = NO;
				ENABLE_STRICT_OBJC_MSGSEND = YES;
				GCC_C_LANGUAGE_STANDARD = gnu11;
				GCC_NO_COMMON_BLOCKS = YES;
				GCC_WARN_64_TO_32_BIT_CONVERSION = YES;
				GCC_WARN_ABOUT_RETURN_TYPE = YES_ERROR;
				GCC_WARN_UNDECLARED_SELECTOR = YES;
				GCC_WARN_UNINITIALIZED_AUTOS = YES_AGGRESSIVE;
				GCC_WARN_UNUSED_FUNCTION = YES;
				GCC_WARN_UNUSED_VARIABLE = YES;
				IPHONEOS_DEPLOYMENT_TARGET = 11.4;
				MTL_ENABLE_DEBUG_INFO = NO;
				SDKROOT = iphoneos;
				SWIFT_COMPILATION_MODE = wholemodule;
				SWIFT_OPTIMIZATION_LEVEL = "-O";
				VALIDATE_PRODUCT = YES;
			};
			name = Release;
		};
		C9000D86210BAFBD00E4BE4C /* Debug */ = {
			isa = XCBuildConfiguration;
			buildSettings = {
				ASSETCATALOG_COMPILER_APPICON_NAME = AppIcon;
				CODE_SIGN_STYLE = Automatic;
				INFOPLIST_FILE = "PhamDiemi-HW4/Info.plist";
				LD_RUNPATH_SEARCH_PATHS = (
					"$(inherited)",
					"@executable_path/Frameworks",
				);
				PRODUCT_BUNDLE_IDENTIFIER = "UTCS.PhamDiemi-HW4";
				PRODUCT_NAME = "$(TARGET_NAME)";
				SWIFT_VERSION = 4.0;
				TARGETED_DEVICE_FAMILY = "1,2";
			};
			name = Debug;
		};
		C9000D87210BAFBD00E4BE4C /* Release */ = {
			isa = XCBuildConfiguration;
			buildSettings = {
				ASSETCATALOG_COMPILER_APPICON_NAME = AppIcon;
				CODE_SIGN_STYLE = Automatic;
				INFOPLIST_FILE = "PhamDiemi-HW4/Info.plist";
				LD_RUNPATH_SEARCH_PATHS = (
					"$(inherited)",
					"@executable_path/Frameworks",
				);
				PRODUCT_BUNDLE_IDENTIFIER = "UTCS.PhamDiemi-HW4";
				PRODUCT_NAME = "$(TARGET_NAME)";
				SWIFT_VERSION = 4.0;
				TARGETED_DEVICE_FAMILY = "1,2";
			};
			name = Release;
		};
/* End XCBuildConfiguration section */

/* Begin XCConfigurationList section */
		C9000D6E210BAFBC00E4BE4C /* Build configuration list for PBXProject "PhamDiemi-HW4" */ = {
			isa = XCConfigurationList;
			buildConfigurations = (
				C9000D83210BAFBD00E4BE4C /* Debug */,
				C9000D84210BAFBD00E4BE4C /* Release */,
			);
			defaultConfigurationIsVisible = 0;
			defaultConfigurationName = Release;
		};
		C9000D85210BAFBD00E4BE4C /* Build configuration list for PBXNativeTarget "PhamDiemi-HW4" */ = {
			isa = XCConfigurationList;
			buildConfigurations = (
				C9000D86210BAFBD00E4BE4C /* Debug */,
				C9000D87210BAFBD00E4BE4C /* Release */,
			);
			defaultConfigurationIsVisible = 0;
			defaultConfigurationName = Release;
		};
/* End XCConfigurationList section */
	};
	rootObject = C9000D6B210BAFBC00E4BE4C /* Project object */;
}
