// !$*UTF8*$!
{
	archiveVersion = 1;
	classes = {
	};
	objectVersion = 50;
	objects = {

/* Begin PBXBuildFile section */
		C92B9A3321261E8100E8DB37 /* DisplayImageViewController.swift in Sources */ = {isa = PBXBuildFile; fileRef = C92B9A3221261E8100E8DB37 /* DisplayImageViewController.swift */; };
		C996AC48212480B900DA2658 /* AppDelegate.swift in Sources */ = {isa = PBXBuildFile; fileRef = C996AC47212480B900DA2658 /* AppDelegate.swift */; };
		C996AC4A212480B900DA2658 /* ViewController.swift in Sources */ = {isa = PBXBuildFile; fileRef = C996AC49212480B900DA2658 /* ViewController.swift */; };
		C996AC4D212480B900DA2658 /* Main.storyboard in Resources */ = {isa = PBXBuildFile; fileRef = C996AC4B212480B900DA2658 /* Main.storyboard */; };
		C996AC4F212480BA00DA2658 /* Assets.xcassets in Resources */ = {isa = PBXBuildFile; fileRef = C996AC4E212480BA00DA2658 /* Assets.xcassets */; };
		C996AC52212480BA00DA2658 /* LaunchScreen.storyboard in Resources */ = {isa = PBXBuildFile; fileRef = C996AC50212480BA00DA2658 /* LaunchScreen.storyboard */; };
		C996AC5A212483AE00DA2658 /* ImageCell.swift in Sources */ = {isa = PBXBuildFile; fileRef = C996AC59212483AE00DA2658 /* ImageCell.swift */; };
/* End PBXBuildFile section */

/* Begin PBXFileReference section */
		C92B9A3221261E8100E8DB37 /* DisplayImageViewController.swift */ = {isa = PBXFileReference; lastKnownFileType = sourcecode.swift; path = DisplayImageViewController.swift; sourceTree = "<group>"; };
		C996AC44212480B900DA2658 /* PhamDiemi-HW10.app */ = {isa = PBXFileReference; explicitFileType = wrapper.application; includeInIndex = 0; path = "PhamDiemi-HW10.app"; sourceTree = BUILT_PRODUCTS_DIR; };
		C996AC47212480B900DA2658 /* AppDelegate.swift */ = {isa = PBXFileReference; lastKnownFileType = sourcecode.swift; path = AppDelegate.swift; sourceTree = "<group>"; };
		C996AC49212480B900DA2658 /* ViewController.swift */ = {isa = PBXFileReference; lastKnownFileType = sourcecode.swift; path = ViewController.swift; sourceTree = "<group>"; };
		C996AC4C212480B900DA2658 /* Base */ = {isa = PBXFileReference; lastKnownFileType = file.storyboard; name = Base; path = Base.lproj/Main.storyboard; sourceTree = "<group>"; };
		C996AC4E212480BA00DA2658 /* Assets.xcassets */ = {isa = PBXFileReference; lastKnownFileType = folder.assetcatalog; path = Assets.xcassets; sourceTree = "<group>"; };
		C996AC51212480BA00DA2658 /* Base */ = {isa = PBXFileReference; lastKnownFileType = file.storyboard; name = Base; path = Base.lproj/LaunchScreen.storyboard; sourceTree = "<group>"; };
		C996AC53212480BA00DA2658 /* Info.plist */ = {isa = PBXFileReference; lastKnownFileType = text.plist.xml; path = Info.plist; sourceTree = "<group>"; };
		C996AC59212483AE00DA2658 /* ImageCell.swift */ = {isa = PBXFileReference; lastKnownFileType = sourcecode.swift; path = ImageCell.swift; sourceTree = "<group>"; };
/* End PBXFileReference section */

/* Begin PBXFrameworksBuildPhase section */
		C996AC41212480B900DA2658 /* Frameworks */ = {
			isa = PBXFrameworksBuildPhase;
			buildActionMask = 2147483647;
			files = (
			);
			runOnlyForDeploymentPostprocessing = 0;
		};
/* End PBXFrameworksBuildPhase section */

/* Begin PBXGroup section */
		C996AC3B212480B900DA2658 = {
			isa = PBXGroup;
			children = (
				C996AC46212480B900DA2658 /* PhamDiemi-HW10 */,
				C996AC45212480B900DA2658 /* Products */,
			);
			sourceTree = "<group>";
		};
		C996AC45212480B900DA2658 /* Products */ = {
			isa = PBXGroup;
			children = (
				C996AC44212480B900DA2658 /* PhamDiemi-HW10.app */,
			);
			name = Products;
			sourceTree = "<group>";
		};
		C996AC46212480B900DA2658 /* PhamDiemi-HW10 */ = {
			isa = PBXGroup;
			children = (
				C996AC47212480B900DA2658 /* AppDelegate.swift */,
				C996AC49212480B900DA2658 /* ViewController.swift */,
				C996AC4B212480B900DA2658 /* Main.storyboard */,
				C996AC4E212480BA00DA2658 /* Assets.xcassets */,
				C996AC50212480BA00DA2658 /* LaunchScreen.storyboard */,
				C996AC53212480BA00DA2658 /* Info.plist */,
				C996AC59212483AE00DA2658 /* ImageCell.swift */,
				C92B9A3221261E8100E8DB37 /* DisplayImageViewController.swift */,
			);
			path = "PhamDiemi-HW10";
			sourceTree = "<group>";
		};
/* End PBXGroup section */

/* Begin PBXNativeTarget section */
		C996AC43212480B900DA2658 /* PhamDiemi-HW10 */ = {
			isa = PBXNativeTarget;
			buildConfigurationList = C996AC56212480BA00DA2658 /* Build configuration list for PBXNativeTarget "PhamDiemi-HW10" */;
			buildPhases = (
				C996AC40212480B900DA2658 /* Sources */,
				C996AC41212480B900DA2658 /* Frameworks */,
				C996AC42212480B900DA2658 /* Resources */,
			);
			buildRules = (
			);
			dependencies = (
			);
			name = "PhamDiemi-HW10";
			productName = "PhamDiemi-HW10";
			productReference = C996AC44212480B900DA2658 /* PhamDiemi-HW10.app */;
			productType = "com.apple.product-type.application";
		};
/* End PBXNativeTarget section */

/* Begin PBXProject section */
		C996AC3C212480B900DA2658 /* Project object */ = {
			isa = PBXProject;
			attributes = {
				LastSwiftUpdateCheck = 0940;
				LastUpgradeCheck = 0940;
				ORGANIZATIONNAME = "Pham, Diemi";
				TargetAttributes = {
					C996AC43212480B900DA2658 = {
						CreatedOnToolsVersion = 9.4;
					};
				};
			};
			buildConfigurationList = C996AC3F212480B900DA2658 /* Build configuration list for PBXProject "PhamDiemi-HW10" */;
			compatibilityVersion = "Xcode 9.3";
			developmentRegion = en;
			hasScannedForEncodings = 0;
			knownRegions = (
				en,
				Base,
			);
			mainGroup = C996AC3B212480B900DA2658;
			productRefGroup = C996AC45212480B900DA2658 /* Products */;
			projectDirPath = "";
			projectRoot = "";
			targets = (
				C996AC43212480B900DA2658 /* PhamDiemi-HW10 */,
			);
		};
/* End PBXProject section */

/* Begin PBXResourcesBuildPhase section */
		C996AC42212480B900DA2658 /* Resources */ = {
			isa = PBXResourcesBuildPhase;
			buildActionMask = 2147483647;
			files = (
				C996AC52212480BA00DA2658 /* LaunchScreen.storyboard in Resources */,
				C996AC4F212480BA00DA2658 /* Assets.xcassets in Resources */,
				C996AC4D212480B900DA2658 /* Main.storyboard in Resources */,
			);
			runOnlyForDeploymentPostprocessing = 0;
		};
/* End PBXResourcesBuildPhase section */

/* Begin PBXSourcesBuildPhase section */
		C996AC40212480B900DA2658 /* Sources */ = {
			isa = PBXSourcesBuildPhase;
			buildActionMask = 2147483647;
			files = (
				C996AC4A212480B900DA2658 /* ViewController.swift in Sources */,
				C996AC48212480B900DA2658 /* AppDelegate.swift in Sources */,
				C92B9A3321261E8100E8DB37 /* DisplayImageViewController.swift in Sources */,
				C996AC5A212483AE00DA2658 /* ImageCell.swift in Sources */,
			);
			runOnlyForDeploymentPostprocessing = 0;
		};
/* End PBXSourcesBuildPhase section */

/* Begin PBXVariantGroup section */
		C996AC4B212480B900DA2658 /* Main.storyboard */ = {
			isa = PBXVariantGroup;
			children = (
				C996AC4C212480B900DA2658 /* Base */,
			);
			name = Main.storyboard;
			sourceTree = "<group>";
		};
		C996AC50212480BA00DA2658 /* LaunchScreen.storyboard */ = {
			isa = PBXVariantGroup;
			children = (
				C996AC51212480BA00DA2658 /* Base */,
			);
			name = LaunchScreen.storyboard;
			sourceTree = "<group>";
		};
/* End PBXVariantGroup section */

/* Begin XCBuildConfiguration section */
		C996AC54212480BA00DA2658 /* Debug */ = {
			isa = XCBuildConfiguration;
			buildSettings = {
				ALWAYS_SEARCH_USER_PATHS = NO;
				CLANG_ANALYZER_NONNULL = YES;
				CLANG_ANALYZER_NUMBER_OBJECT_CONVERSION = YES_AGGRESSIVE;
				CLANG_CXX_LANGUAGE_STANDARD = "gnu++14";
				CLANG_CXX_LIBRARY = "libc++";
				CLANG_ENABLE_MODULES = YES;
				CLANG_ENABLE_OBJC_ARC = YES;
				CLANG_ENABLE_OBJC_WEAK = YES;
				CLANG_WARN_BLOCK_CAPTURE_AUTORELEASING = YES;
				CLANG_WARN_BOOL_CONVERSION = YES;
				CLANG_WARN_COMMA = YES;
				CLANG_WARN_CONSTANT_CONVERSION = YES;
				CLANG_WARN_DEPRECATED_OBJC_IMPLEMENTATIONS = YES;
				CLANG_WARN_DIRECT_OBJC_ISA_USAGE = YES_ERROR;
				CLANG_WARN_DOCUMENTATION_COMMENTS = YES;
				CLANG_WARN_EMPTY_BODY = YES;
				CLANG_WARN_ENUM_CONVERSION = YES;
				CLANG_WARN_INFINITE_RECURSION = YES;
				CLANG_WARN_INT_CONVERSION = YES;
				CLANG_WARN_NON_LITERAL_NULL_CONVERSION = YES;
				CLANG_WARN_OBJC_IMPLICIT_RETAIN_SELF = YES;
				CLANG_WARN_OBJC_LITERAL_CONVERSION = YES;
				CLANG_WARN_OBJC_ROOT_CLASS = YES_ERROR;
				CLANG_WARN_RANGE_LOOP_ANALYSIS = YES;
				CLANG_WARN_STRICT_PROTOTYPES = YES;
				CLANG_WARN_SUSPICIOUS_MOVE = YES;
				CLANG_WARN_UNGUARDED_AVAILABILITY = YES_AGGRESSIVE;
				CLANG_WARN_UNREACHABLE_CODE = YES;
				CLANG_WARN__DUPLICATE_METHOD_MATCH = YES;
				CODE_SIGN_IDENTITY = "iPhone Developer";
				COPY_PHASE_STRIP = NO;
				DEBUG_INFORMATION_FORMAT = dwarf;
				ENABLE_STRICT_OBJC_MSGSEND = YES;
				ENABLE_TESTABILITY = YES;
				GCC_C_LANGUAGE_STANDARD = gnu11;
				GCC_DYNAMIC_NO_PIC = NO;
				GCC_NO_COMMON_BLOCKS = YES;
				GCC_OPTIMIZATION_LEVEL = 0;
				GCC_PREPROCESSOR_DEFINITIONS = (
					"DEBUG=1",
					"$(inherited)",
				);
				GCC_WARN_64_TO_32_BIT_CONVERSION = YES;
				GCC_WARN_ABOUT_RETURN_TYPE = YES_ERROR;
				GCC_WARN_UNDECLARED_SELECTOR = YES;
				GCC_WARN_UNINITIALIZED_AUTOS = YES_AGGRESSIVE;
				GCC_WARN_UNUSED_FUNCTION = YES;
				GCC_WARN_UNUSED_VARIABLE = YES;
				IPHONEOS_DEPLOYMENT_TARGET = 11.4;
				MTL_ENABLE_DEBUG_INFO = YES;
				ONLY_ACTIVE_ARCH = YES;
				SDKROOT = iphoneos;
				SWIFT_ACTIVE_COMPILATION_CONDITIONS = DEBUG;
				SWIFT_OPTIMIZATION_LEVEL = "-Onone";
			};
			name = Debug;
		};
		C996AC55212480BA00DA2658 /* Release */ = {
			isa = XCBuildConfiguration;
			buildSettings = {
				ALWAYS_SEARCH_USER_PATHS = NO;
				CLANG_ANALYZER_NONNULL = YES;
				CLANG_ANALYZER_NUMBER_OBJECT_CONVERSION = YES_AGGRESSIVE;
				CLANG_CXX_LANGUAGE_STANDARD = "gnu++14";
				CLANG_CXX_LIBRARY = "libc++";
				CLANG_ENABLE_MODULES = YES;
				CLANG_ENABLE_OBJC_ARC = YES;
				CLANG_ENABLE_OBJC_WEAK = YES;
				CLANG_WARN_BLOCK_CAPTURE_AUTORELEASING = YES;
				CLANG_WARN_BOOL_CONVERSION = YES;
				CLANG_WARN_COMMA = YES;
				CLANG_WARN_CONSTANT_CONVERSION = YES;
				CLANG_WARN_DEPRECATED_OBJC_IMPLEMENTATIONS = YES;
				CLANG_WARN_DIRECT_OBJC_ISA_USAGE = YES_ERROR;
				CLANG_WARN_DOCUMENTATION_COMMENTS = YES;
				CLANG_WARN_EMPTY_BODY = YES;
				CLANG_WARN_ENUM_CONVERSION = YES;
				CLANG_WARN_INFINITE_RECURSION = YES;
				CLANG_WARN_INT_CONVERSION = YES;
				CLANG_WARN_NON_LITERAL_NULL_CONVERSION = YES;
				CLANG_WARN_OBJC_IMPLICIT_RETAIN_SELF = YES;
				CLANG_WARN_OBJC_LITERAL_CONVERSION = YES;
				CLANG_WARN_OBJC_ROOT_CLASS = YES_ERROR;
				CLANG_WARN_RANGE_LOOP_ANALYSIS = YES;
				CLANG_WARN_STRICT_PROTOTYPES = YES;
				CLANG_WARN_SUSPICIOUS_MOVE = YES;
				CLANG_WARN_UNGUARDED_AVAILABILITY = YES_AGGRESSIVE;
				CLANG_WARN_UNREACHABLE_CODE = YES;
				CLANG_WARN__DUPLICATE_METHOD_MATCH = YES;
				CODE_SIGN_IDENTITY = "iPhone Developer";
				COPY_PHASE_STRIP = NO;
				DEBUG_INFORMATION_FORMAT = "dwarf-with-dsym";
				ENABLE_NS_ASSERTIONS = NO;
				ENABLE_STRICT_OBJC_MSGSEND = YES;
				GCC_C_LANGUAGE_STANDARD = gnu11;
				GCC_NO_COMMON_BLOCKS = YES;
				GCC_WARN_64_TO_32_BIT_CONVERSION = YES;
				GCC_WARN_ABOUT_RETURN_TYPE = YES_ERROR;
				GCC_WARN_UNDECLARED_SELECTOR = YES;
				GCC_WARN_UNINITIALIZED_AUTOS = YES_AGGRESSIVE;
				GCC_WARN_UNUSED_FUNCTION = YES;
				GCC_WARN_UNUSED_VARIABLE = YES;
				IPHONEOS_DEPLOYMENT_TARGET = 11.4;
				MTL_ENABLE_DEBUG_INFO = NO;
				SDKROOT = iphoneos;
				SWIFT_COMPILATION_MODE = wholemodule;
				SWIFT_OPTIMIZATION_LEVEL = "-O";
				VALIDATE_PRODUCT = YES;
			};
			name = Release;
		};
		C996AC57212480BA00DA2658 /* Debug */ = {
			isa = XCBuildConfiguration;
			buildSettings = {
				ASSETCATALOG_COMPILER_APPICON_NAME = AppIcon;
				CODE_SIGN_STYLE = Automatic;
				INFOPLIST_FILE = "PhamDiemi-HW10/Info.plist";
				LD_RUNPATH_SEARCH_PATHS = (
					"$(inherited)",
					"@executable_path/Frameworks",
				);
				PRODUCT_BUNDLE_IDENTIFIER = "UTCS.PhamDiemi-HW10";
				PRODUCT_NAME = "$(TARGET_NAME)";
				SWIFT_VERSION = 4.0;
				TARGETED_DEVICE_FAMILY = "1,2";
			};
			name = Debug;
		};
		C996AC58212480BA00DA2658 /* Release */ = {
			isa = XCBuildConfiguration;
			buildSettings = {
				ASSETCATALOG_COMPILER_APPICON_NAME = AppIcon;
				CODE_SIGN_STYLE = Automatic;
				INFOPLIST_FILE = "PhamDiemi-HW10/Info.plist";
				LD_RUNPATH_SEARCH_PATHS = (
					"$(inherited)",
					"@executable_path/Frameworks",
				);
				PRODUCT_BUNDLE_IDENTIFIER = "UTCS.PhamDiemi-HW10";
				PRODUCT_NAME = "$(TARGET_NAME)";
				SWIFT_VERSION = 4.0;
				TARGETED_DEVICE_FAMILY = "1,2";
			};
			name = Release;
		};
/* End XCBuildConfiguration section */

/* Begin XCConfigurationList section */
		C996AC3F212480B900DA2658 /* Build configuration list for PBXProject "PhamDiemi-HW10" */ = {
			isa = XCConfigurationList;
			buildConfigurations = (
				C996AC54212480BA00DA2658 /* Debug */,
				C996AC55212480BA00DA2658 /* Release */,
			);
			defaultConfigurationIsVisible = 0;
			defaultConfigurationName = Release;
		};
		C996AC56212480BA00DA2658 /* Build configuration list for PBXNativeTarget "PhamDiemi-HW10" */ = {
			isa = XCConfigurationList;
			buildConfigurations = (
				C996AC57212480BA00DA2658 /* Debug */,
				C996AC58212480BA00DA2658 /* Release */,
			);
			defaultConfigurationIsVisible = 0;
			defaultConfigurationName = Release;
		};
/* End XCConfigurationList section */
	};
	rootObject = C996AC3C212480B900DA2658 /* Project object */;
}
